{
  "nodes": {
    "nimbusBuildSystem": {
      "inputs": {
        "nixpkgs": [
          "nixpkgs"
        ]
      },
      "locked": {
        "lastModified": 1788864956,
        "narHash": "sha256-IELOQQ5kBdVsTOLiRJ+V/B81sqgSjWN6Pui+zCIFEdU=",
        "ref": "refs/heads/master",
        "rev": "d82132fa4b47e1721657faee4737a1f92df0c994",
        "revCount": 257,
        "submodules": true,
        "type": "git",
        "url": "https://github.com/status-im/nimbus-build-system"
      },
      "original": {
        "submodules": true,
        "type": "git",
        "url": "https://github.com/status-im/nimbus-build-system"
      }
    },
    "nixpkgs": {
      "locked": {
        "lastModified": 1768818593,
        "narHash": "sha256-sMGoIJFAdXvGh4lZppBxJd4FYHQbNWtuZY4sn70OcrY=",
        "owner": "NixOS",
        "repo": "nixpkgs",
        "rev": "2a777ace4b722f2714cc06d596f2476ee628c04a",
        "type": "github"
      },
      "original": {
        "owner": "NixOS",
        "repo": "nixpkgs",
        "rev": "2a777ace4b722f2714cc06d596f2476ee628c04a",
        "type": "github"
      }
    },
    "nixpkgsGccCompat": {
      "locked": {
        "lastModified": 1767313136,
        "narHash": "sha256-16KkgfdYqjaeRGBaYsNrhPRRENs0qzkQVUooNHtoy2w=",
        "owner": "NixOS",
        "repo": "nixpkgs",
        "rev": "ac62194c3917d5f474c1a844b6fd6da2db95077d",
        "type": "github"
      },
      "original": {
        "owner": "NixOS",
        "repo": "nixpkgs",
        "rev": "ac62194c3917d5f474c1a844b6fd6da2db95077d",
        "type": "github"
      }
    },
    "root": {
      "inputs": {
        "nimbusBuildSystem": "nimbusBuildSystem",
        "nixpkgs": "nixpkgs",
        "nixpkgsGccCompat": "nixpkgsGccCompat"
      }
    }
  },
  "root": "root",
  "version": 7
}
